<?xml version="1.0" encoding="utf-8"?>
<Project ToolsVersion="4.0" xmlns="http://schemas.microsoft.com/developer/msbuild/2003">
  <ItemGroup>
    <Filter Include="Файлы исходного кода">
      <UniqueIdentifier>{4FC737F1-C7A5-4376-A066-2A32D752A2FF}</UniqueIdentifier>
      <Extensions>cpp;c;cc;cxx;def;odl;idl;hpj;bat;asm;asmx</Extensions>
    </Filter>
    <Filter Include="Заголовочные файлы">
      <UniqueIdentifier>{93995380-89BD-4b04-88EB-625FBE52EBFB}</UniqueIdentifier>
      <Extensions>h;hh;hpp;hxx;hm;inl;inc;xsd</Extensions>
    </Filter>
    <Filter Include="Файлы ресурсов">
      <UniqueIdentifier>{67DA6AB6-F800-4c08-8B7A-83BB121AAD01}</UniqueIdentifier>
      <Extensions>rc;ico;cur;bmp;dlg;rc2;rct;bin;rgs;gif;jpg;jpeg;jpe;resx;tiff;tif;png;wav;mfcribbon-ms</Extensions>
    </Filter>
    <Filter Include="Заголовочные файлы\Screens">
      <UniqueIdentifier>{0d03cb5c-74c3-492e-8747-cc3caea91fcc}</UniqueIdentifier>
    </Filter>
    <Filter Include="Заголовочные файлы\GameObjects">
      <UniqueIdentifier>{a2bfd4a3-7a3c-4e63-94f7-1ff7e2eb42f2}</UniqueIdentifier>
    </Filter>
    <Filter Include="Файлы исходного кода\Screens">
      <UniqueIdentifier>{3654e05a-49c8-48d9-a52c-448cac277fdf}</UniqueIdentifier>
    </Filter>
    <Filter Include="Файлы исходного кода\GameObjects">
      <UniqueIdentifier>{764815ac-0553-4fd0-b5b9-553ab721304c}</UniqueIdentifier>
    </Filter>
    <Filter Include="Заголовочные файлы\Screens\Game">
      <UniqueIdentifier>{dbda1c4d-3b84-47a2-9c5e-3e0123c9547f}</UniqueIdentifier>
    </Filter>
    <Filter Include="Заголовочные файлы\Screens\Menu">
      <UniqueIdentifier>{e4171056-5f77-41b4-9041-173b1a9d0cde}</UniqueIdentifier>
    </Filter>
    <Filter Include="Файлы исходного кода\Screens\Game">
      <UniqueIdentifier>{e7c79fa2-ac9f-499d-8962-cf84cda8511f}</UniqueIdentifier>
    </Filter>
    <Filter Include="Файлы исходного кода\Screens\Menu">
      <UniqueIdentifier>{a076c861-9f4d-44b7-a377-12a787af0a76}</UniqueIdentifier>
    </Filter>
    <Filter Include="Заголовочные файлы\GameObjects\GUI">
      <UniqueIdentifier>{21f5a3aa-ec89-4693-8204-9d54645eed26}</UniqueIdentifier>
    </Filter>
    <Filter Include="Файлы исходного кода\GameObjects\GUI">
      <UniqueIdentifier>{2b257f80-4eae-40e2-bf7b-d5744a9adcf7}</UniqueIdentifier>
    </Filter>
  </ItemGroup>
  <ItemGroup>
    <ClCompile Include="main.cpp">
      <Filter>Файлы исходного кода</Filter>
    </ClCompile>
    <ClCompile Include="Collision.cpp">
      <Filter>Файлы исходного кода</Filter>
    </ClCompile>
    <ClCompile Include="Animation.cpp">
      <Filter>Файлы исходного кода</Filter>
    </ClCompile>
    <ClCompile Include="View.cpp">
      <Filter>Файлы исходного кода</Filter>
    </ClCompile>
    <ClCompile Include="Bullet.cpp">
      <Filter>Файлы исходного кода\GameObjects</Filter>
    </ClCompile>
    <ClCompile Include="Enemy.cpp">
      <Filter>Файлы исходного кода\GameObjects</Filter>
    </ClCompile>
    <ClCompile Include="Player.cpp">
      <Filter>Файлы исходного кода\GameObjects</Filter>
    </ClCompile>
    <ClCompile Include="Tank.cpp">
      <Filter>Файлы исходного кода\GameObjects</Filter>
    </ClCompile>
    <ClCompile Include="Map.cpp">
      <Filter>Файлы исходного кода\GameObjects</Filter>
    </ClCompile>
    <ClCompile Include="GameObject.cpp">
      <Filter>Файлы исходного кода\GameObjects</Filter>
    </ClCompile>
    <ClCompile Include="MouseCursor.cpp">
      <Filter>Файлы исходного кода\GameObjects</Filter>
    </ClCompile>
    <ClCompile Include="TankCharacteristics.cpp">
      <Filter>Файлы исходного кода</Filter>
    </ClCompile>
    <ClCompile Include="GameTest.cpp">
      <Filter>Файлы исходного кода\Screens\Game</Filter>
    </ClCompile>
    <ClCompile Include="Menu.cpp">
      <Filter>Файлы исходного кода\Screens\Menu</Filter>
    </ClCompile>
    <ClCompile Include="MenuChooseMode.cpp">
      <Filter>Файлы исходного кода\Screens\Menu</Filter>
    </ClCompile>
    <ClCompile Include="MenuMain.cpp">
      <Filter>Файлы исходного кода\Screens\Menu</Filter>
    </ClCompile>
    <ClCompile Include="MenuPause.cpp">
      <Filter>Файлы исходного кода\Screens\Menu</Filter>
    </ClCompile>
    <ClCompile Include="GameSurvival.cpp">
      <Filter>Файлы исходного кода\Screens\Game</Filter>
    </ClCompile>
    <ClCompile Include="Game.cpp">
      <Filter>Файлы исходного кода\Screens\Game</Filter>
    </ClCompile>
    <ClCompile Include="Crosshair.cpp">
      <Filter>Файлы исходного кода\GameObjects\GUI</Filter>
    </ClCompile>
    <ClCompile Include="TankInfo.cpp">
      <Filter>Файлы исходного кода\GameObjects\GUI</Filter>
    </ClCompile>
    <ClCompile Include="RepairPoint.cpp">
      <Filter>Файлы исходного кода\GameObjects</Filter>
    </ClCompile>
  </ItemGroup>
  <ItemGroup>
    <ClInclude Include="View.h">
      <Filter>Заголовочные файлы</Filter>
    </ClInclude>
    <ClInclude Include="Collision.h">
      <Filter>Заголовочные файлы</Filter>
    </ClInclude>
    <ClInclude Include="Animation.h">
      <Filter>Заголовочные файлы</Filter>
    </ClInclude>
    <ClInclude Include="cScreen.h">
      <Filter>Заголовочные файлы\Screens</Filter>
    </ClInclude>
    <ClInclude Include="Screens.h">
      <Filter>Заголовочные файлы\Screens</Filter>
    </ClInclude>
    <ClInclude Include="Enemy.h">
      <Filter>Заголовочные файлы\GameObjects</Filter>
    </ClInclude>
    <ClInclude Include="GameObject.h">
      <Filter>Заголовочные файлы\GameObjects</Filter>
    </ClInclude>
    <ClInclude Include="Map.h">
      <Filter>Заголовочные файлы\GameObjects</Filter>
    </ClInclude>
    <ClInclude Include="Player.h">
      <Filter>Заголовочные файлы\GameObjects</Filter>
    </ClInclude>
    <ClInclude Include="Tank.h">
      <Filter>Заголовочные файлы\GameObjects</Filter>
    </ClInclude>
    <ClInclude Include="Bullet.h">
      <Filter>Заголовочные файлы\GameObjects</Filter>
    </ClInclude>
    <ClInclude Include="MouseCursor.h">
      <Filter>Заголовочные файлы\GameObjects</Filter>
    </ClInclude>
    <ClInclude Include="temp.h">
      <Filter>Заголовочные файлы</Filter>
    </ClInclude>
    <ClInclude Include="TankCharacteristics.h">
      <Filter>Заголовочные файлы</Filter>
    </ClInclude>
    <ClInclude Include="GameTest.h">
      <Filter>Заголовочные файлы\Screens\Game</Filter>
    </ClInclude>
    <ClInclude Include="Menu.h">
      <Filter>Заголовочные файлы\Screens\Menu</Filter>
    </ClInclude>
    <ClInclude Include="MenuChooseMode.h">
      <Filter>Заголовочные файлы\Screens\Menu</Filter>
    </ClInclude>
    <ClInclude Include="MenuMain.h">
      <Filter>Заголовочные файлы\Screens\Menu</Filter>
    </ClInclude>
    <ClInclude Include="MenuPause.h">
      <Filter>Заголовочные файлы\Screens\Menu</Filter>
    </ClInclude>
    <ClInclude Include="GameSurvival.h">
      <Filter>Заголовочные файлы\Screens\Game</Filter>
    </ClInclude>
    <ClInclude Include="Game.h">
      <Filter>Заголовочные файлы\Screens\Game</Filter>
    </ClInclude>
    <ClInclude Include="Crosshair.h">
      <Filter>Заголовочные файлы\GameObjects\GUI</Filter>
    </ClInclude>
    <ClInclude Include="TankInfo.h">
      <Filter>Заголовочные файлы\GameObjects\GUI</Filter>
    </ClInclude>
    <ClInclude Include="RepairPoint.h">
      <Filter>Заголовочные файлы\GameObjects</Filter>
    </ClInclude>
  </ItemGroup>
</Project>